
Microsoft Visual Studio Solution File, Format Version 12.00
# Visual Studio Version 17
VisualStudioVersion = 17.0.31903.59
MinimumVisualStudioVersion = 10.0.40219.1
Project("{FAE04EC0-301F-11D3-BF4B-00C04F79EFBC}") = "Tester", "tester\Tester.csproj", "{CF31C31B-722D-4DAA-B117-37E165490A7D}"
EndProject
Project("{FAE04EC0-301F-11D3-BF4B-00C04F79EFBC}") = "DLL", "dll\DLL.csproj", "{D8F333F4-F5AF-4381-996D-ED346A42DB52}"
EndProject
Global
	GlobalSection(SolutionConfigurationPlatforms) = preSolution
		Debug|Any CPU = Debug|Any CPU
		Release|Any CPU = Release|Any CPU
	EndGlobalSection
	GlobalSection(SolutionProperties) = preSolution
		HideSolutionNode = FALSE
	EndGlobalSection
	GlobalSection(ProjectConfigurationPlatforms) = postSolution
		{CF31C31B-722D-4DAA-B117-37E165490A7D}.Debug|Any CPU.ActiveCfg = Debug|Any CPU
		{CF31C31B-722D-4DAA-B117-37E165490A7D}.Debug|Any CPU.Build.0 = Debug|Any CPU
		{CF31C31B-722D-4DAA-B117-37E165490A7D}.Release|Any CPU.ActiveCfg = Release|Any CPU
		{CF31C31B-722D-4DAA-B117-37E165490A7D}.Release|Any CPU.Build.0 = Release|Any CPU
		{D8F333F4-F5AF-4381-996D-ED346A42DB52}.Debug|Any CPU.ActiveCfg = Debug|Any CPU
		{D8F333F4-F5AF-4381-996D-ED346A42DB52}.Debug|Any CPU.Build.0 = Debug|Any CPU
		{D8F333F4-F5AF-4381-996D-ED346A42DB52}.Release|Any CPU.ActiveCfg = Release|Any CPU
		{D8F333F4-F5AF-4381-996D-ED346A42DB52}.Release|Any CPU.Build.0 = Release|Any CPU
	EndGlobalSection
EndGlobal
